// !$*UTF8*$!
{
	archiveVersion = 1;
	classes = {
	};
	objectVersion = 50;
	objects = {

/* Begin PBXBuildFile section */
		42499CD2258306EA008CCA4D /* AppDelegate.swift in Sources */ = {isa = PBXBuildFile; fileRef = 42499CD1258306EA008CCA4D /* AppDelegate.swift */; };
		42499CD4258306EA008CCA4D /* SceneDelegate.swift in Sources */ = {isa = PBXBuildFile; fileRef = 42499CD3258306EA008CCA4D /* SceneDelegate.swift */; };
		42499CD6258306EA008CCA4D /* MainContentView.swift in Sources */ = {isa = PBXBuildFile; fileRef = 42499CD5258306EA008CCA4D /* MainContentView.swift */; };
		42499CD8258306EB008CCA4D /* Assets.xcassets in Resources */ = {isa = PBXBuildFile; fileRef = 42499CD7258306EB008CCA4D /* Assets.xcassets */; };
		42499CDB258306EB008CCA4D /* Preview Assets.xcassets in Resources */ = {isa = PBXBuildFile; fileRef = 42499CDA258306EB008CCA4D /* Preview Assets.xcassets */; };
		42499CDE258306EB008CCA4D /* LaunchScreen.storyboard in Resources */ = {isa = PBXBuildFile; fileRef = 42499CDC258306EB008CCA4D /* LaunchScreen.storyboard */; };
		42499CEC25834473008CCA4D /* UIImage+Ext.swift in Sources */ = {isa = PBXBuildFile; fileRef = 42499CEB25834473008CCA4D /* UIImage+Ext.swift */; };
		42499CF0258344B2008CCA4D /* 中国地图.jpg in Resources */ = {isa = PBXBuildFile; fileRef = 42499CEF258344B2008CCA4D /* 中国地图.jpg */; };
		42499CF9258351D5008CCA4D /* OriginalImageLoadingView.swift in Sources */ = {isa = PBXBuildFile; fileRef = 42499CF8258351D5008CCA4D /* OriginalImageLoadingView.swift */; };
		42499CFD25835965008CCA4D /* ImageResizeLoadingView.swift in Sources */ = {isa = PBXBuildFile; fileRef = 42499CFC25835965008CCA4D /* ImageResizeLoadingView.swift */; };
		42499D0C25835D45008CCA4D /* UIImageScrollView.swift in Sources */ = {isa = PBXBuildFile; fileRef = 42499D0725835BF3008CCA4D /* UIImageScrollView.swift */; };
		42499D0F25835DBA008CCA4D /* ImageScrollView.swift in Sources */ = {isa = PBXBuildFile; fileRef = 42499D0425835BBF008CCA4D /* ImageScrollView.swift */; };
		42499D1425836058008CCA4D /* TiledImageView.swift in Sources */ = {isa = PBXBuildFile; fileRef = 42499D1325836058008CCA4D /* TiledImageView.swift */; };
/* End PBXBuildFile section */

/* Begin PBXFileReference section */
		42499CCE258306EA008CCA4D /* LargeImageLoading.app */ = {isa = PBXFileReference; explicitFileType = wrapper.application; includeInIndex = 0; path = LargeImageLoading.app; sourceTree = BUILT_PRODUCTS_DIR; };
		42499CD1258306EA008CCA4D /* AppDelegate.swift */ = {isa = PBXFileReference; lastKnownFileType = sourcecode.swift; path = AppDelegate.swift; sourceTree = "<group>"; };
		42499CD3258306EA008CCA4D /* SceneDelegate.swift */ = {isa = PBXFileReference; lastKnownFileType = sourcecode.swift; path = SceneDelegate.swift; sourceTree = "<group>"; };
		42499CD5258306EA008CCA4D /* MainContentView.swift */ = {isa = PBXFileReference; lastKnownFileType = sourcecode.swift; path = MainContentView.swift; sourceTree = "<group>"; };
		42499CD7258306EB008CCA4D /* Assets.xcassets */ = {isa = PBXFileReference; lastKnownFileType = folder.assetcatalog; path = Assets.xcassets; sourceTree = "<group>"; };
		42499CDA258306EB008CCA4D /* Preview Assets.xcassets */ = {isa = PBXFileReference; lastKnownFileType = folder.assetcatalog; path = "Preview Assets.xcassets"; sourceTree = "<group>"; };
		42499CDD258306EB008CCA4D /* Base */ = {isa = PBXFileReference; lastKnownFileType = file.storyboard; name = Base; path = Base.lproj/LaunchScreen.storyboard; sourceTree = "<group>"; };
		42499CDF258306EB008CCA4D /* Info.plist */ = {isa = PBXFileReference; lastKnownFileType = text.plist.xml; path = Info.plist; sourceTree = "<group>"; };
		42499CEB25834473008CCA4D /* UIImage+Ext.swift */ = {isa = PBXFileReference; lastKnownFileType = sourcecode.swift; path = "UIImage+Ext.swift"; sourceTree = "<group>"; };
		42499CEF258344B2008CCA4D /* 中国地图.jpg */ = {isa = PBXFileReference; lastKnownFileType = image.jpeg; path = "中国地图.jpg"; sourceTree = "<group>"; };
		42499CF8258351D5008CCA4D /* OriginalImageLoadingView.swift */ = {isa = PBXFileReference; lastKnownFileType = sourcecode.swift; path = OriginalImageLoadingView.swift; sourceTree = "<group>"; };
		42499CFC25835965008CCA4D /* ImageResizeLoadingView.swift */ = {isa = PBXFileReference; lastKnownFileType = sourcecode.swift; path = ImageResizeLoadingView.swift; sourceTree = "<group>"; };
		42499D0425835BBF008CCA4D /* ImageScrollView.swift */ = {isa = PBXFileReference; lastKnownFileType = sourcecode.swift; path = ImageScrollView.swift; sourceTree = "<group>"; };
		42499D0725835BF3008CCA4D /* UIImageScrollView.swift */ = {isa = PBXFileReference; lastKnownFileType = sourcecode.swift; path = UIImageScrollView.swift; sourceTree = "<group>"; };
		42499D1325836058008CCA4D /* TiledImageView.swift */ = {isa = PBXFileReference; lastKnownFileType = sourcecode.swift; path = TiledImageView.swift; sourceTree = "<group>"; };
/* End PBXFileReference section */

/* Begin PBXFrameworksBuildPhase section */
		42499CCB258306EA008CCA4D /* Frameworks */ = {
			isa = PBXFrameworksBuildPhase;
			buildActionMask = 2147483647;
			files = (
			);
			runOnlyForDeploymentPostprocessing = 0;
		};
/* End PBXFrameworksBuildPhase section */

/* Begin PBXGroup section */
		42499CC5258306EA008CCA4D = {
			isa = PBXGroup;
			children = (
				42499CD0258306EA008CCA4D /* LargeImageLoading */,
				42499CCF258306EA008CCA4D /* Products */,
			);
			sourceTree = "<group>";
		};
		42499CCF258306EA008CCA4D /* Products */ = {
			isa = PBXGroup;
			children = (
				42499CCE258306EA008CCA4D /* LargeImageLoading.app */,
			);
			name = Products;
			sourceTree = "<group>";
		};
		42499CD0258306EA008CCA4D /* LargeImageLoading */ = {
			isa = PBXGroup;
			children = (
				42499CF525835120008CCA4D /* Core */,
				42499CF22583453E008CCA4D /* Supporting Files */,
				42499CEE2583449F008CCA4D /* Resource */,
				42499CD9258306EB008CCA4D /* Preview Content */,
				42499CEB25834473008CCA4D /* UIImage+Ext.swift */,
			);
			path = LargeImageLoading;
			sourceTree = "<group>";
		};
		42499CD9258306EB008CCA4D /* Preview Content */ = {
			isa = PBXGroup;
			children = (
				42499CDA258306EB008CCA4D /* Preview Assets.xcassets */,
			);
			path = "Preview Content";
			sourceTree = "<group>";
		};
		42499CEE2583449F008CCA4D /* Resource */ = {
			isa = PBXGroup;
			children = (
				42499CEF258344B2008CCA4D /* 中国地图.jpg */,
			);
			path = Resource;
			sourceTree = "<group>";
		};
		42499CF22583453E008CCA4D /* Supporting Files */ = {
			isa = PBXGroup;
			children = (
				42499CD1258306EA008CCA4D /* AppDelegate.swift */,
				42499CD3258306EA008CCA4D /* SceneDelegate.swift */,
				42499CD7258306EB008CCA4D /* Assets.xcassets */,
				42499CDC258306EB008CCA4D /* LaunchScreen.storyboard */,
				42499CDF258306EB008CCA4D /* Info.plist */,
			);
			path = "Supporting Files";
			sourceTree = "<group>";
		};
		42499CF525835120008CCA4D /* Core */ = {
			isa = PBXGroup;
			children = (
				42499D0A25835C20008CCA4D /* ImageScroll */,
				42499CD5258306EA008CCA4D /* MainContentView.swift */,
				42499CF8258351D5008CCA4D /* OriginalImageLoadingView.swift */,
				42499CFC25835965008CCA4D /* ImageResizeLoadingView.swift */,
				42499D0425835BBF008CCA4D /* ImageScrollView.swift */,
			);
			path = Core;
			sourceTree = "<group>";
		};
		42499D0A25835C20008CCA4D /* ImageScroll */ = {
			isa = PBXGroup;
			children = (
				42499D0725835BF3008CCA4D /* UIImageScrollView.swift */,
				42499D1325836058008CCA4D /* TiledImageView.swift */,
			);
			path = ImageScroll;
			sourceTree = "<group>";
		};
/* End PBXGroup section */

/* Begin PBXNativeTarget section */
		42499CCD258306EA008CCA4D /* LargeImageLoading */ = {
			isa = PBXNativeTarget;
			buildConfigurationList = 42499CE2258306EB008CCA4D /* Build configuration list for PBXNativeTarget "LargeImageLoading" */;
			buildPhases = (
				42499CCA258306EA008CCA4D /* Sources */,
				42499CCB258306EA008CCA4D /* Frameworks */,
				42499CCC258306EA008CCA4D /* Resources */,
			);
			buildRules = (
			);
			dependencies = (
			);
			name = LargeImageLoading;
			productName = LargeImageLoading;
			productReference = 42499CCE258306EA008CCA4D /* LargeImageLoading.app */;
			productType = "com.apple.product-type.application";
		};
/* End PBXNativeTarget section */

/* Begin PBXProject section */
		42499CC6258306EA008CCA4D /* Project object */ = {
			isa = PBXProject;
			attributes = {
				LastSwiftUpdateCheck = 1220;
				LastUpgradeCheck = 1220;
				TargetAttributes = {
					42499CCD258306EA008CCA4D = {
						CreatedOnToolsVersion = 12.2;
					};
				};
			};
			buildConfigurationList = 42499CC9258306EA008CCA4D /* Build configuration list for PBXProject "LargeImageLoading" */;
			compatibilityVersion = "Xcode 9.3";
			developmentRegion = en;
			hasScannedForEncodings = 0;
			knownRegions = (
				en,
				Base,
			);
			mainGroup = 42499CC5258306EA008CCA4D;
			productRefGroup = 42499CCF258306EA008CCA4D /* Products */;
			projectDirPath = "";
			projectRoot = "";
			targets = (
				42499CCD258306EA008CCA4D /* LargeImageLoading */,
			);
		};
/* End PBXProject section */

/* Begin PBXResourcesBuildPhase section */
		42499CCC258306EA008CCA4D /* Resources */ = {
			isa = PBXResourcesBuildPhase;
			buildActionMask = 2147483647;
			files = (
				42499CDE258306EB008CCA4D /* LaunchScreen.storyboard in Resources */,
				42499CDB258306EB008CCA4D /* Preview Assets.xcassets in Resources */,
				42499CD8258306EB008CCA4D /* Assets.xcassets in Resources */,
				42499CF0258344B2008CCA4D /* 中国地图.jpg in Resources */,
			);
			runOnlyForDeploymentPostprocessing = 0;
		};
/* End PBXResourcesBuildPhase section */

/* Begin PBXSourcesBuildPhase section */
		42499CCA258306EA008CCA4D /* Sources */ = {
			isa = PBXSourcesBuildPhase;
			buildActionMask = 2147483647;
			files = (
				42499CFD25835965008CCA4D /* ImageResizeLoadingView.swift in Sources */,
				42499D1425836058008CCA4D /* TiledImageView.swift in Sources */,
				42499D0C25835D45008CCA4D /* UIImageScrollView.swift in Sources */,
				42499D0F25835DBA008CCA4D /* ImageScrollView.swift in Sources */,
				42499CD2258306EA008CCA4D /* AppDelegate.swift in Sources */,
				42499CEC25834473008CCA4D /* UIImage+Ext.swift in Sources */,
				42499CD4258306EA008CCA4D /* SceneDelegate.swift in Sources */,
				42499CD6258306EA008CCA4D /* MainContentView.swift in Sources */,
				42499CF9258351D5008CCA4D /* OriginalImageLoadingView.swift in Sources */,
			);
			runOnlyForDeploymentPostprocessing = 0;
		};
/* End PBXSourcesBuildPhase section */

/* Begin PBXVariantGroup section */
		42499CDC258306EB008CCA4D /* LaunchScreen.storyboard */ = {
			isa = PBXVariantGroup;
			children = (
				42499CDD258306EB008CCA4D /* Base */,
			);
			name = LaunchScreen.storyboard;
			sourceTree = "<group>";
		};
/* End PBXVariantGroup section */

/* Begin XCBuildConfiguration section */
		42499CE0258306EB008CCA4D /* Debug */ = {
			isa = XCBuildConfiguration;
			buildSettings = {
				ALWAYS_SEARCH_USER_PATHS = NO;
				CLANG_ANALYZER_NONNULL = YES;
				CLANG_ANALYZER_NUMBER_OBJECT_CONVERSION = YES_AGGRESSIVE;
				CLANG_CXX_LANGUAGE_STANDARD = "gnu++14";
				CLANG_CXX_LIBRARY = "libc++";
				CLANG_ENABLE_MODULES = YES;
				CLANG_ENABLE_OBJC_ARC = YES;
				CLANG_ENABLE_OBJC_WEAK = YES;
				CLANG_WARN_BLOCK_CAPTURE_AUTORELEASING = YES;
				CLANG_WARN_BOOL_CONVERSION = YES;
				CLANG_WARN_COMMA = YES;
				CLANG_WARN_CONSTANT_CONVERSION = YES;
				CLANG_WARN_DEPRECATED_OBJC_IMPLEMENTATIONS = YES;
				CLANG_WARN_DIRECT_OBJC_ISA_USAGE = YES_ERROR;
				CLANG_WARN_DOCUMENTATION_COMMENTS = YES;
				CLANG_WARN_EMPTY_BODY = YES;
				CLANG_WARN_ENUM_CONVERSION = YES;
				CLANG_WARN_INFINITE_RECURSION = YES;
				CLANG_WARN_INT_CONVERSION = YES;
				CLANG_WARN_NON_LITERAL_NULL_CONVERSION = YES;
				CLANG_WARN_OBJC_IMPLICIT_RETAIN_SELF = YES;
				CLANG_WARN_OBJC_LITERAL_CONVERSION = YES;
				CLANG_WARN_OBJC_ROOT_CLASS = YES_ERROR;
				CLANG_WARN_QUOTED_INCLUDE_IN_FRAMEWORK_HEADER = YES;
				CLANG_WARN_RANGE_LOOP_ANALYSIS = YES;
				CLANG_WARN_STRICT_PROTOTYPES = YES;
				CLANG_WARN_SUSPICIOUS_MOVE = YES;
				CLANG_WARN_UNGUARDED_AVAILABILITY = YES_AGGRESSIVE;
				CLANG_WARN_UNREACHABLE_CODE = YES;
				CLANG_WARN__DUPLICATE_METHOD_MATCH = YES;
				COPY_PHASE_STRIP = NO;
				DEBUG_INFORMATION_FORMAT = dwarf;
				ENABLE_STRICT_OBJC_MSGSEND = YES;
				ENABLE_TESTABILITY = YES;
				GCC_C_LANGUAGE_STANDARD = gnu11;
				GCC_DYNAMIC_NO_PIC = NO;
				GCC_NO_COMMON_BLOCKS = YES;
				GCC_OPTIMIZATION_LEVEL = 0;
				GCC_PREPROCESSOR_DEFINITIONS = (
					"DEBUG=1",
					"$(inherited)",
				);
				GCC_WARN_64_TO_32_BIT_CONVERSION = YES;
				GCC_WARN_ABOUT_RETURN_TYPE = YES_ERROR;
				GCC_WARN_UNDECLARED_SELECTOR = YES;
				GCC_WARN_UNINITIALIZED_AUTOS = YES_AGGRESSIVE;
				GCC_WARN_UNUSED_FUNCTION = YES;
				GCC_WARN_UNUSED_VARIABLE = YES;
				IPHONEOS_DEPLOYMENT_TARGET = 14.2;
				MTL_ENABLE_DEBUG_INFO = INCLUDE_SOURCE;
				MTL_FAST_MATH = YES;
				ONLY_ACTIVE_ARCH = YES;
				SDKROOT = iphoneos;
				SWIFT_ACTIVE_COMPILATION_CONDITIONS = DEBUG;
				SWIFT_OPTIMIZATION_LEVEL = "-Onone";
			};
			name = Debug;
		};
		42499CE1258306EB008CCA4D /* Release */ = {
			isa = XCBuildConfiguration;
			buildSettings = {
				ALWAYS_SEARCH_USER_PATHS = NO;
				CLANG_ANALYZER_NONNULL = YES;
				CLANG_ANALYZER_NUMBER_OBJECT_CONVERSION = YES_AGGRESSIVE;
				CLANG_CXX_LANGUAGE_STANDARD = "gnu++14";
				CLANG_CXX_LIBRARY = "libc++";
				CLANG_ENABLE_MODULES = YES;
				CLANG_ENABLE_OBJC_ARC = YES;
				CLANG_ENABLE_OBJC_WEAK = YES;
				CLANG_WARN_BLOCK_CAPTURE_AUTORELEASING = YES;
				CLANG_WARN_BOOL_CONVERSION = YES;
				CLANG_WARN_COMMA = YES;
				CLANG_WARN_CONSTANT_CONVERSION = YES;
				CLANG_WARN_DEPRECATED_OBJC_IMPLEMENTATIONS = YES;
				CLANG_WARN_DIRECT_OBJC_ISA_USAGE = YES_ERROR;
				CLANG_WARN_DOCUMENTATION_COMMENTS = YES;
				CLANG_WARN_EMPTY_BODY = YES;
				CLANG_WARN_ENUM_CONVERSION = YES;
				CLANG_WARN_INFINITE_RECURSION = YES;
				CLANG_WARN_INT_CONVERSION = YES;
				CLANG_WARN_NON_LITERAL_NULL_CONVERSION = YES;
				CLANG_WARN_OBJC_IMPLICIT_RETAIN_SELF = YES;
				CLANG_WARN_OBJC_LITERAL_CONVERSION = YES;
				CLANG_WARN_OBJC_ROOT_CLASS = YES_ERROR;
				CLANG_WARN_QUOTED_INCLUDE_IN_FRAMEWORK_HEADER = YES;
				CLANG_WARN_RANGE_LOOP_ANALYSIS = YES;
				CLANG_WARN_STRICT_PROTOTYPES = YES;
				CLANG_WARN_SUSPICIOUS_MOVE = YES;
				CLANG_WARN_UNGUARDED_AVAILABILITY = YES_AGGRESSIVE;
				CLANG_WARN_UNREACHABLE_CODE = YES;
				CLANG_WARN__DUPLICATE_METHOD_MATCH = YES;
				COPY_PHASE_STRIP = NO;
				DEBUG_INFORMATION_FORMAT = "dwarf-with-dsym";
				ENABLE_NS_ASSERTIONS = NO;
				ENABLE_STRICT_OBJC_MSGSEND = YES;
				GCC_C_LANGUAGE_STANDARD = gnu11;
				GCC_NO_COMMON_BLOCKS = YES;
				GCC_WARN_64_TO_32_BIT_CONVERSION = YES;
				GCC_WARN_ABOUT_RETURN_TYPE = YES_ERROR;
				GCC_WARN_UNDECLARED_SELECTOR = YES;
				GCC_WARN_UNINITIALIZED_AUTOS = YES_AGGRESSIVE;
				GCC_WARN_UNUSED_FUNCTION = YES;
				GCC_WARN_UNUSED_VARIABLE = YES;
				IPHONEOS_DEPLOYMENT_TARGET = 14.2;
				MTL_ENABLE_DEBUG_INFO = NO;
				MTL_FAST_MATH = YES;
				SDKROOT = iphoneos;
				SWIFT_COMPILATION_MODE = wholemodule;
				SWIFT_OPTIMIZATION_LEVEL = "-O";
				VALIDATE_PRODUCT = YES;
			};
			name = Release;
		};
		42499CE3258306EB008CCA4D /* Debug */ = {
			isa = XCBuildConfiguration;
			buildSettings = {
				ASSETCATALOG_COMPILER_APPICON_NAME = AppIcon;
				ASSETCATALOG_COMPILER_GLOBAL_ACCENT_COLOR_NAME = AccentColor;
				CODE_SIGN_STYLE = Automatic;
				DEVELOPMENT_ASSET_PATHS = "\"LargeImageLoading/Preview Content\"";
				DEVELOPMENT_TEAM = YT6QHNRQP3;
				ENABLE_PREVIEWS = YES;
				INFOPLIST_FILE = "LargeImageLoading/Supporting Files/Info.plist";
				LD_RUNPATH_SEARCH_PATHS = (
					"$(inherited)",
					"@executable_path/Frameworks",
				);
				PRODUCT_BUNDLE_IDENTIFIER = com.machenshuang.www.LargeImageLoading;
				PRODUCT_NAME = "$(TARGET_NAME)";
				SWIFT_VERSION = 5.0;
				TARGETED_DEVICE_FAMILY = "1,2";
			};
			name = Debug;
		};
		42499CE4258306EB008CCA4D /* Release */ = {
			isa = XCBuildConfiguration;
			buildSettings = {
				ASSETCATALOG_COMPILER_APPICON_NAME = AppIcon;
				ASSETCATALOG_COMPILER_GLOBAL_ACCENT_COLOR_NAME = AccentColor;
				CODE_SIGN_STYLE = Automatic;
				DEVELOPMENT_ASSET_PATHS = "\"LargeImageLoading/Preview Content\"";
				DEVELOPMENT_TEAM = YT6QHNRQP3;
				ENABLE_PREVIEWS = YES;
				INFOPLIST_FILE = "LargeImageLoading/Supporting Files/Info.plist";
				LD_RUNPATH_SEARCH_PATHS = (
					"$(inherited)",
					"@executable_path/Frameworks",
				);
				PRODUCT_BUNDLE_IDENTIFIER = com.machenshuang.www.LargeImageLoading;
				PRODUCT_NAME = "$(TARGET_NAME)";
				SWIFT_VERSION = 5.0;
				TARGETED_DEVICE_FAMILY = "1,2";
			};
			name = Release;
		};
/* End XCBuildConfiguration section */

/* Begin XCConfigurationList section */
		42499CC9258306EA008CCA4D /* Build configuration list for PBXProject "LargeImageLoading" */ = {
			isa = XCConfigurationList;
			buildConfigurations = (
				42499CE0258306EB008CCA4D /* Debug */,
				42499CE1258306EB008CCA4D /* Release */,
			);
			defaultConfigurationIsVisible = 0;
			defaultConfigurationName = Release;
		};
		42499CE2258306EB008CCA4D /* Build configuration list for PBXNativeTarget "LargeImageLoading" */ = {
			isa = XCConfigurationList;
			buildConfigurations = (
				42499CE3258306EB008CCA4D /* Debug */,
				42499CE4258306EB008CCA4D /* Release */,
			);
			defaultConfigurationIsVisible = 0;
			defaultConfigurationName = Release;
		};
/* End XCConfigurationList section */
	};
	rootObject = 42499CC6258306EA008CCA4D /* Project object */;
}
